
Microsoft Visual Studio Solution File, Format Version 12.00
# Visual Studio Version 17
VisualStudioVersion = 17.1.32228.430
MinimumVisualStudioVersion = 10.0.40219.1
Project("{2150E333-8FDC-42A3-9474-1A3956D46DE8}") = "Algorithms", "Algorithms", "{639974E2-FFBD-4C2C-AD40-86EEC6531697}"
EndProject
Project("{9A19103F-16F7-4668-BE54-9A1E7A4F7556}") = "DFS", "Algorithms\DFS\DFS.csproj", "{807FE04E-9AA8-4BE1-AF07-2DF00487D7F9}"
EndProject
Project("{9A19103F-16F7-4668-BE54-9A1E7A4F7556}") = "BFS", "Algorithms\BFS\BFS.csproj", "{C1DAF279-A629-4E85-89C5-506B7824830C}"
EndProject
Project("{9A19103F-16F7-4668-BE54-9A1E7A4F7556}") = "Dijkstra", "Algorithms\Dijkstra\Dijkstra.csproj", "{A414F590-DC1D-417C-B128-0DD9315977D4}"
EndProject
Project("{9A19103F-16F7-4668-BE54-9A1E7A4F7556}") = "MSTKruskal", "Algorithms\MSTKruskal\MSTKruskal.csproj", "{524CBF59-7556-4EF8-85E6-F6F0FB95EB71}"
EndProject
Project("{9A19103F-16F7-4668-BE54-9A1E7A4F7556}") = "MSTPrim", "Algorithms\MSTPrim\MSTPrim.csproj", "{8800273A-EC14-481D-AF6E-6AD3C1BE0517}"
EndProject
Project("{FAE04EC0-301F-11D3-BF4B-00C04F79EFBC}") = "SortQuick", "Algorithms\SortQuick\SortQuick.csproj", "{65598B20-DC49-433B-B6B4-427683481788}"
EndProject
Global
	GlobalSection(SolutionConfigurationPlatforms) = preSolution
		Debug|Any CPU = Debug|Any CPU
		Release|Any CPU = Release|Any CPU
	EndGlobalSection
	GlobalSection(ProjectConfigurationPlatforms) = postSolution
		{807FE04E-9AA8-4BE1-AF07-2DF00487D7F9}.Debug|Any CPU.ActiveCfg = Debug|Any CPU
		{807FE04E-9AA8-4BE1-AF07-2DF00487D7F9}.Debug|Any CPU.Build.0 = Debug|Any CPU
		{807FE04E-9AA8-4BE1-AF07-2DF00487D7F9}.Release|Any CPU.ActiveCfg = Release|Any CPU
		{807FE04E-9AA8-4BE1-AF07-2DF00487D7F9}.Release|Any CPU.Build.0 = Release|Any CPU
		{C1DAF279-A629-4E85-89C5-506B7824830C}.Debug|Any CPU.ActiveCfg = Debug|Any CPU
		{C1DAF279-A629-4E85-89C5-506B7824830C}.Debug|Any CPU.Build.0 = Debug|Any CPU
		{C1DAF279-A629-4E85-89C5-506B7824830C}.Release|Any CPU.ActiveCfg = Release|Any CPU
		{C1DAF279-A629-4E85-89C5-506B7824830C}.Release|Any CPU.Build.0 = Release|Any CPU
		{A414F590-DC1D-417C-B128-0DD9315977D4}.Debug|Any CPU.ActiveCfg = Debug|Any CPU
		{A414F590-DC1D-417C-B128-0DD9315977D4}.Debug|Any CPU.Build.0 = Debug|Any CPU
		{A414F590-DC1D-417C-B128-0DD9315977D4}.Release|Any CPU.ActiveCfg = Release|Any CPU
		{A414F590-DC1D-417C-B128-0DD9315977D4}.Release|Any CPU.Build.0 = Release|Any CPU
		{524CBF59-7556-4EF8-85E6-F6F0FB95EB71}.Debug|Any CPU.ActiveCfg = Debug|Any CPU
		{524CBF59-7556-4EF8-85E6-F6F0FB95EB71}.Debug|Any CPU.Build.0 = Debug|Any CPU
		{524CBF59-7556-4EF8-85E6-F6F0FB95EB71}.Release|Any CPU.ActiveCfg = Release|Any CPU
		{524CBF59-7556-4EF8-85E6-F6F0FB95EB71}.Release|Any CPU.Build.0 = Release|Any CPU
		{8800273A-EC14-481D-AF6E-6AD3C1BE0517}.Debug|Any CPU.ActiveCfg = Debug|Any CPU
		{8800273A-EC14-481D-AF6E-6AD3C1BE0517}.Debug|Any CPU.Build.0 = Debug|Any CPU
		{8800273A-EC14-481D-AF6E-6AD3C1BE0517}.Release|Any CPU.ActiveCfg = Release|Any CPU
		{8800273A-EC14-481D-AF6E-6AD3C1BE0517}.Release|Any CPU.Build.0 = Release|Any CPU
		{65598B20-DC49-433B-B6B4-427683481788}.Debug|Any CPU.ActiveCfg = Debug|Any CPU
		{65598B20-DC49-433B-B6B4-427683481788}.Debug|Any CPU.Build.0 = Debug|Any CPU
		{65598B20-DC49-433B-B6B4-427683481788}.Release|Any CPU.ActiveCfg = Release|Any CPU
		{65598B20-DC49-433B-B6B4-427683481788}.Release|Any CPU.Build.0 = Release|Any CPU
	EndGlobalSection
	GlobalSection(SolutionProperties) = preSolution
		HideSolutionNode = FALSE
	EndGlobalSection
	GlobalSection(NestedProjects) = preSolution
		{807FE04E-9AA8-4BE1-AF07-2DF00487D7F9} = {639974E2-FFBD-4C2C-AD40-86EEC6531697}
		{C1DAF279-A629-4E85-89C5-506B7824830C} = {639974E2-FFBD-4C2C-AD40-86EEC6531697}
		{A414F590-DC1D-417C-B128-0DD9315977D4} = {639974E2-FFBD-4C2C-AD40-86EEC6531697}
		{524CBF59-7556-4EF8-85E6-F6F0FB95EB71} = {639974E2-FFBD-4C2C-AD40-86EEC6531697}
		{8800273A-EC14-481D-AF6E-6AD3C1BE0517} = {639974E2-FFBD-4C2C-AD40-86EEC6531697}
		{65598B20-DC49-433B-B6B4-427683481788} = {639974E2-FFBD-4C2C-AD40-86EEC6531697}
	EndGlobalSection
	GlobalSection(ExtensibilityGlobals) = postSolution
		SolutionGuid = {ED7373D9-598F-4731-9D51-EC7CC35216CC}
	EndGlobalSection
EndGlobal
